
Microsoft Visual Studio Solution File, Format Version 12.00
# Visual Studio 15
VisualStudioVersion = 15.0.28307.757
MinimumVisualStudioVersion = 10.0.40219.1
Project("{FAE04EC0-301F-11D3-BF4B-00C04F79EFBC}") = "COMP123-S2019-FinalTestC", "COMP123-S2019-FinalTestC\COMP123-S2019-FinalTestC.csproj", "{2AF3C2D3-055E-4634-9118-6C85996AB40A}"
EndProject
Global
	GlobalSection(SolutionConfigurationPlatforms) = preSolution
		Debug|Any CPU = Debug|Any CPU
		Release|Any CPU = Release|Any CPU
	EndGlobalSection
	GlobalSection(ProjectConfigurationPlatforms) = postSolution
		{2AF3C2D3-055E-4634-9118-6C85996AB40A}.Debug|Any CPU.ActiveCfg = Debug|Any CPU
		{2AF3C2D3-055E-4634-9118-6C85996AB40A}.Debug|Any CPU.Build.0 = Debug|Any CPU
		{2AF3C2D3-055E-4634-9118-6C85996AB40A}.Release|Any CPU.ActiveCfg = Release|Any CPU
		{2AF3C2D3-055E-4634-9118-6C85996AB40A}.Release|Any CPU.Build.0 = Release|Any CPU
	EndGlobalSection
	GlobalSection(SolutionProperties) = preSolution
		HideSolutionNode = FALSE
	EndGlobalSection
	GlobalSection(ExtensibilityGlobals) = postSolution
		SolutionGuid = {5EF62DED-36BA-4F37-A71B-462C7F6C4526}
	EndGlobalSection
EndGlobal
